
Microsoft Visual Studio Solution File, Format Version 12.00
# Visual Studio Version 17
VisualStudioVersion = 17.3.32922.545
MinimumVisualStudioVersion = 10.0.40219.1
Project("{FAE04EC0-301F-11D3-BF4B-00C04F79EFBC}") = "Space invaders Game", "Space invaders Game\Space invaders Game.csproj", "{A2202328-11AC-4F59-B0C6-6FBCBD69A7C9}"
EndProject
Global
	GlobalSection(SolutionConfigurationPlatforms) = preSolution
		Debug|Any CPU = Debug|Any CPU
		Release|Any CPU = Release|Any CPU
	EndGlobalSection
	GlobalSection(ProjectConfigurationPlatforms) = postSolution
		{A2202328-11AC-4F59-B0C6-6FBCBD69A7C9}.Debug|Any CPU.ActiveCfg = Debug|Any CPU
		{A2202328-11AC-4F59-B0C6-6FBCBD69A7C9}.Debug|Any CPU.Build.0 = Debug|Any CPU
		{A2202328-11AC-4F59-B0C6-6FBCBD69A7C9}.Release|Any CPU.ActiveCfg = Release|Any CPU
		{A2202328-11AC-4F59-B0C6-6FBCBD69A7C9}.Release|Any CPU.Build.0 = Release|Any CPU
	EndGlobalSection
	GlobalSection(SolutionProperties) = preSolution
		HideSolutionNode = FALSE
	EndGlobalSection
	GlobalSection(ExtensibilityGlobals) = postSolution
		SolutionGuid = {811A9EF8-6C49-4020-A329-72B1AF111474}
	EndGlobalSection
EndGlobal
